
Microsoft Visual Studio Solution File, Format Version 12.00
# Visual Studio Version 16
VisualStudioVersion = 16.0.31313.79
MinimumVisualStudioVersion = 10.0.40219.1
Project("{FAE04EC0-301F-11D3-BF4B-00C04F79EFBC}") = "Logger", "Logger\Logger.csproj", "{B35FB1FF-565E-4F13-9963-D54BB7096DCB}"
EndProject
Global
	GlobalSection(SolutionConfigurationPlatforms) = preSolution
		Debug|Any CPU = Debug|Any CPU
		Release|Any CPU = Release|Any CPU
	EndGlobalSection
	GlobalSection(ProjectConfigurationPlatforms) = postSolution
		{B35FB1FF-565E-4F13-9963-D54BB7096DCB}.Debug|Any CPU.ActiveCfg = Debug|Any CPU
		{B35FB1FF-565E-4F13-9963-D54BB7096DCB}.Debug|Any CPU.Build.0 = Debug|Any CPU
		{B35FB1FF-565E-4F13-9963-D54BB7096DCB}.Release|Any CPU.ActiveCfg = Release|Any CPU
		{B35FB1FF-565E-4F13-9963-D54BB7096DCB}.Release|Any CPU.Build.0 = Release|Any CPU
	EndGlobalSection
	GlobalSection(SolutionProperties) = preSolution
		HideSolutionNode = FALSE
	EndGlobalSection
	GlobalSection(ExtensibilityGlobals) = postSolution
		SolutionGuid = {9DC3DF60-9460-46A8-874F-9DF4099A9BCB}
	EndGlobalSection
EndGlobal
